
Microsoft Visual Studio Solution File, Format Version 12.00
# Visual Studio Express 2013 for Windows Desktop
VisualStudioVersion = 12.0.21005.1
MinimumVisualStudioVersion = 10.0.40219.1
Project("{FAE04EC0-301F-11D3-BF4B-00C04F79EFBC}") = "Covenant", "Covenant\Covenant.csproj", "{2AA6856C-BB94-49AA-93FB-1A74C0CB3E23}"
EndProject
Project("{FAE04EC0-301F-11D3-BF4B-00C04F79EFBC}") = "CovenantTests", "CovenantTests\CovenantTests.csproj", "{48E76D33-3237-4C7B-B432-DCA61A901753}"
EndProject
Global
	GlobalSection(SolutionConfigurationPlatforms) = preSolution
		Debug|Any CPU = Debug|Any CPU
		Release|Any CPU = Release|Any CPU
	EndGlobalSection
	GlobalSection(ProjectConfigurationPlatforms) = postSolution
		{2AA6856C-BB94-49AA-93FB-1A74C0CB3E23}.Debug|Any CPU.ActiveCfg = Debug|Any CPU
		{2AA6856C-BB94-49AA-93FB-1A74C0CB3E23}.Debug|Any CPU.Build.0 = Debug|Any CPU
		{2AA6856C-BB94-49AA-93FB-1A74C0CB3E23}.Release|Any CPU.ActiveCfg = Release|Any CPU
		{2AA6856C-BB94-49AA-93FB-1A74C0CB3E23}.Release|Any CPU.Build.0 = Release|Any CPU
		{48E76D33-3237-4C7B-B432-DCA61A901753}.Debug|Any CPU.ActiveCfg = Debug|Any CPU
		{48E76D33-3237-4C7B-B432-DCA61A901753}.Debug|Any CPU.Build.0 = Debug|Any CPU
		{48E76D33-3237-4C7B-B432-DCA61A901753}.Release|Any CPU.ActiveCfg = Release|Any CPU
		{48E76D33-3237-4C7B-B432-DCA61A901753}.Release|Any CPU.Build.0 = Release|Any CPU
	EndGlobalSection
	GlobalSection(SolutionProperties) = preSolution
		HideSolutionNode = FALSE
	EndGlobalSection
EndGlobal
